{
  "name": "quanlyspa_2024",
  "version": "1.0.0",
  "lockfileVersion": 3,
  "requires": true,
  "packages": {
    "": {
      "name": "quanlyspa_2024",
      "version": "1.0.0",
      "license": "ISC",
      "dependencies": {
        "js-cookie": "^3.0.5",
        "quanlyspa_2024": "file:"
      }
    },
    "node_modules/js-cookie": {
      "version": "3.0.5",
      "resolved": "https://registry.npmjs.org/js-cookie/-/js-cookie-3.0.5.tgz",
      "integrity": "sha512-cEiJEAEoIbWfCZYKWhVwFuvPX1gETRYPw6LlaTKoxD3s2AkXzkCjnp6h0V77ozyqj0jakteJ4YqDJT830+lVGw==",
      "license": "MIT",
      "engines": {
        "node": ">=14"
      }
    },
    "node_modules/quanlyspa_2024": {
      "resolved": "",
      "link": true
    }
  }
}
